{
    "_readme": [
        "This file locks the dependencies of your project to a known state",
        "Read more about it at https://getcomposer.org/doc/01-basic-usage.md#installing-dependencies",
        "This file is @generated automatically"
    ],
    "content-hash": "a36eb58a8f2098ef0b12a0085abe70c8",
    "packages": [
        {
            "name": "captchala/captchala-php",
            "version": "1.0.1",
            "dist": {
                "type": "path",
                "url": "../../sdk/php",
                "reference": "e24b8269a98650b3965a5e5138f3a9e364ef3188"
            },
            "require": {
                "ext-json": "*",
                "php": ">=8.0"
            },
            "require-dev": {
                "phpunit/phpunit": "^9.5 || ^10.0"
            },
            "type": "library",
            "autoload": {
                "psr-4": {
                    "Captchala\\": "src/"
                }
            },
            "autoload-dev": {
                "psr-4": {
                    "Captchala\\Tests\\": "tests/"
                }
            },
            "scripts": {
                "test": [
                    "phpunit"
                ]
            },
            "license": [
                "MIT"
            ],
            "authors": [
                {
                    "name": "Captchala",
                    "email": "support@captcha.la"
                }
            ],
            "description": "Captchala Server SDK for PHP - Validate captcha tokens server-side",
            "homepage": "https://captcha.la",
            "keywords": [
                "bot-protection",
                "captcha",
                "security",
                "validation"
            ],
            "transport-options": {
                "symlink": false,
                "relative": true
            }
        }
    ],
    "packages-dev": [],
    "aliases": [],
    "minimum-stability": "stable",
    "stability-flags": [],
    "prefer-stable": true,
    "prefer-lowest": false,
    "platform": {
        "php": ">=8.0"
    },
    "platform-dev": [],
    "plugin-api-version": "2.0.0"
}
